
Microsoft Visual Studio Solution File, Format Version 12.00
# Visual Studio Version 16
VisualStudioVersion = 16.0.29920.165
MinimumVisualStudioVersion = 10.0.40219.1
Project("{8BC9CEB8-8B4A-11D0-8D11-00A0C91BC942}") = "Dll2", "Dll2\Dll2.vcxproj", "{F8DD192B-1C05-4F5C-BE23-8140E2EB8069}"
EndProject
Global
	GlobalSection(SolutionConfigurationPlatforms) = preSolution
		Debug|x64 = Debug|x64
		Debug|x86 = Debug|x86
		Release|x64 = Release|x64
		Release|x86 = Release|x86
	EndGlobalSection
	GlobalSection(ProjectConfigurationPlatforms) = postSolution
		{F8DD192B-1C05-4F5C-BE23-8140E2EB8069}.Debug|x64.ActiveCfg = Debug|x64
		{F8DD192B-1C05-4F5C-BE23-8140E2EB8069}.Debug|x64.Build.0 = Debug|x64
		{F8DD192B-1C05-4F5C-BE23-8140E2EB8069}.Debug|x86.ActiveCfg = Debug|Win32
		{F8DD192B-1C05-4F5C-BE23-8140E2EB8069}.Debug|x86.Build.0 = Debug|Win32
		{F8DD192B-1C05-4F5C-BE23-8140E2EB8069}.Release|x64.ActiveCfg = Release|x64
		{F8DD192B-1C05-4F5C-BE23-8140E2EB8069}.Release|x64.Build.0 = Release|x64
		{F8DD192B-1C05-4F5C-BE23-8140E2EB8069}.Release|x86.ActiveCfg = Release|Win32
		{F8DD192B-1C05-4F5C-BE23-8140E2EB8069}.Release|x86.Build.0 = Release|Win32
	EndGlobalSection
	GlobalSection(SolutionProperties) = preSolution
		HideSolutionNode = FALSE
	EndGlobalSection
	GlobalSection(ExtensibilityGlobals) = postSolution
		SolutionGuid = {3B9A50B2-3225-48E5-8C06-050A539F40A9}
	EndGlobalSection
EndGlobal
